Microsoft Visual Studio Solution File, Format Version 12.00
# Visual Studio Version 17
VisualStudioVersion = 17.5.2.0
MinimumVisualStudioVersion = 10.0.40219.1
Project("{FAE04EC0-301F-11D3-BF4B-00C04F79EFBC}") = "UniFied", "UniFied.csproj", "{DECFB802-4CAE-B9B9-98C0-7F950CD1D59F}"
EndProject
Global
	GlobalSection(SolutionConfigurationPlatforms) = preSolution
		Debug|Any CPU = Debug|Any CPU
		Release|Any CPU = Release|Any CPU
	EndGlobalSection
	GlobalSection(ProjectConfigurationPlatforms) = postSolution
		{DECFB802-4CAE-B9B9-98C0-7F950CD1D59F}.Debug|Any CPU.ActiveCfg = Debug|Any CPU
		{DECFB802-4CAE-B9B9-98C0-7F950CD1D59F}.Debug|Any CPU.Build.0 = Debug|Any CPU
		{DECFB802-4CAE-B9B9-98C0-7F950CD1D59F}.Release|Any CPU.ActiveCfg = Release|Any CPU
		{DECFB802-4CAE-B9B9-98C0-7F950CD1D59F}.Release|Any CPU.Build.0 = Release|Any CPU
	EndGlobalSection
	GlobalSection(SolutionProperties) = preSolution
		HideSolutionNode = FALSE
	EndGlobalSection
	GlobalSection(ExtensibilityGlobals) = postSolution
		SolutionGuid = {2D9D8383-0FD9-4BEF-B191-D125CA87E0B9}
	EndGlobalSection
EndGlobal
